
Microsoft Visual Studio Solution File, Format Version 12.00
# Visual Studio 15
VisualStudioVersion = 15.0.27428.2027
MinimumVisualStudioVersion = 10.0.40219.1
Project("{FAE04EC0-301F-11D3-BF4B-00C04F79EFBC}") = "MRAShop.Common", "MRAShop.Common\MRAShop.Common.csproj", "{70D77E27-342B-4DEF-93D2-A85C999B0574}"
EndProject
Project("{FAE04EC0-301F-11D3-BF4B-00C04F79EFBC}") = "MRAShop.Model", "MRAShop.Model\MRAShop.Model.csproj", "{27205EAA-7FC8-405A-91F2-5C96E2F2EAE8}"
EndProject
Project("{FAE04EC0-301F-11D3-BF4B-00C04F79EFBC}") = "MRAShop.Data", "MRAShop.Data\MRAShop.Data.csproj", "{A6669C68-BC5C-4A7B-B790-49D9C1FD0E08}"
EndProject
Project("{FAE04EC0-301F-11D3-BF4B-00C04F79EFBC}") = "MRAShop.Service", "MRAShop.Service\MRAShop.Service.csproj", "{564FB4F6-4F4A-4621-8F05-597D6DC070B6}"
EndProject
Project("{FAE04EC0-301F-11D3-BF4B-00C04F79EFBC}") = "MRAShop.UnitTest", "MRAShop.UnitTest\MRAShop.UnitTest.csproj", "{E1D8FE2C-60D3-4813-9A40-C988D201B2EF}"
EndProject
Project("{FAE04EC0-301F-11D3-BF4B-00C04F79EFBC}") = "MRAShop.Web", "MRAShop.Web\MRAShop.Web.csproj", "{876A4188-F42B-4C07-BF0A-192B79E3B25D}"
EndProject
Global
	GlobalSection(SolutionConfigurationPlatforms) = preSolution
		Debug|Any CPU = Debug|Any CPU
		Release|Any CPU = Release|Any CPU
	EndGlobalSection
	GlobalSection(ProjectConfigurationPlatforms) = postSolution
		{70D77E27-342B-4DEF-93D2-A85C999B0574}.Debug|Any CPU.ActiveCfg = Debug|Any CPU
		{70D77E27-342B-4DEF-93D2-A85C999B0574}.Debug|Any CPU.Build.0 = Debug|Any CPU
		{70D77E27-342B-4DEF-93D2-A85C999B0574}.Release|Any CPU.ActiveCfg = Release|Any CPU
		{70D77E27-342B-4DEF-93D2-A85C999B0574}.Release|Any CPU.Build.0 = Release|Any CPU
		{27205EAA-7FC8-405A-91F2-5C96E2F2EAE8}.Debug|Any CPU.ActiveCfg = Debug|Any CPU
		{27205EAA-7FC8-405A-91F2-5C96E2F2EAE8}.Debug|Any CPU.Build.0 = Debug|Any CPU
		{27205EAA-7FC8-405A-91F2-5C96E2F2EAE8}.Release|Any CPU.ActiveCfg = Release|Any CPU
		{27205EAA-7FC8-405A-91F2-5C96E2F2EAE8}.Release|Any CPU.Build.0 = Release|Any CPU
		{A6669C68-BC5C-4A7B-B790-49D9C1FD0E08}.Debug|Any CPU.ActiveCfg = Debug|Any CPU
		{A6669C68-BC5C-4A7B-B790-49D9C1FD0E08}.Debug|Any CPU.Build.0 = Debug|Any CPU
		{A6669C68-BC5C-4A7B-B790-49D9C1FD0E08}.Release|Any CPU.ActiveCfg = Release|Any CPU
		{A6669C68-BC5C-4A7B-B790-49D9C1FD0E08}.Release|Any CPU.Build.0 = Release|Any CPU
		{564FB4F6-4F4A-4621-8F05-597D6DC070B6}.Debug|Any CPU.ActiveCfg = Debug|Any CPU
		{564FB4F6-4F4A-4621-8F05-597D6DC070B6}.Debug|Any CPU.Build.0 = Debug|Any CPU
		{564FB4F6-4F4A-4621-8F05-597D6DC070B6}.Release|Any CPU.ActiveCfg = Release|Any CPU
		{564FB4F6-4F4A-4621-8F05-597D6DC070B6}.Release|Any CPU.Build.0 = Release|Any CPU
		{E1D8FE2C-60D3-4813-9A40-C988D201B2EF}.Debug|Any CPU.ActiveCfg = Debug|Any CPU
		{E1D8FE2C-60D3-4813-9A40-C988D201B2EF}.Debug|Any CPU.Build.0 = Debug|Any CPU
		{E1D8FE2C-60D3-4813-9A40-C988D201B2EF}.Release|Any CPU.ActiveCfg = Release|Any CPU
		{E1D8FE2C-60D3-4813-9A40-C988D201B2EF}.Release|Any CPU.Build.0 = Release|Any CPU
		{876A4188-F42B-4C07-BF0A-192B79E3B25D}.Debug|Any CPU.ActiveCfg = Debug|Any CPU
		{876A4188-F42B-4C07-BF0A-192B79E3B25D}.Debug|Any CPU.Build.0 = Debug|Any CPU
		{876A4188-F42B-4C07-BF0A-192B79E3B25D}.Release|Any CPU.ActiveCfg = Release|Any CPU
		{876A4188-F42B-4C07-BF0A-192B79E3B25D}.Release|Any CPU.Build.0 = Release|Any CPU
	EndGlobalSection
	GlobalSection(SolutionProperties) = preSolution
		HideSolutionNode = FALSE
	EndGlobalSection
	GlobalSection(ExtensibilityGlobals) = postSolution
		SolutionGuid = {B63D2041-EA34-4E27-BF2D-1EB570E3B040}
	EndGlobalSection
EndGlobal
